
Microsoft Visual Studio Solution File, Format Version 12.00
# Visual Studio Version 17
VisualStudioVersion = 17.3.32825.248
MinimumVisualStudioVersion = 10.0.40219.1
Project("{FAE04EC0-301F-11D3-BF4B-00C04F79EFBC}") = "BaseRLEnv", "BaseRLEnv\BaseRLEnv.csproj", "{7828AF58-9D80-4BB7-A4FC-F64EB31B9231}"
EndProject
Global
	GlobalSection(SolutionConfigurationPlatforms) = preSolution
		Debug|Any CPU = Debug|Any CPU
		Release|Any CPU = Release|Any CPU
	EndGlobalSection
	GlobalSection(ProjectConfigurationPlatforms) = postSolution
		{7828AF58-9D80-4BB7-A4FC-F64EB31B9231}.Debug|Any CPU.ActiveCfg = Debug|Any CPU
		{7828AF58-9D80-4BB7-A4FC-F64EB31B9231}.Debug|Any CPU.Build.0 = Debug|Any CPU
		{7828AF58-9D80-4BB7-A4FC-F64EB31B9231}.Release|Any CPU.ActiveCfg = Release|Any CPU
		{7828AF58-9D80-4BB7-A4FC-F64EB31B9231}.Release|Any CPU.Build.0 = Release|Any CPU
	EndGlobalSection
	GlobalSection(SolutionProperties) = preSolution
		HideSolutionNode = FALSE
	EndGlobalSection
	GlobalSection(ExtensibilityGlobals) = postSolution
		SolutionGuid = {39055168-AF50-4EE8-BF93-E2529E6B2722}
	EndGlobalSection
EndGlobal
